
Microsoft Visual Studio Solution File, Format Version 12.00
# Visual Studio 2015
Project("{FAE04EC0-301F-11D3-BF4B-00C04F79EFBC}") = "LD37 - Claim Your Color.Plugins", "LD37 - Claim Your Color.Plugins.csproj", "{F44B0FAA-0ABB-F068-2B42-9D32B3126FF4}"
EndProject
Project("{FAE04EC0-301F-11D3-BF4B-00C04F79EFBC}") = "LD37 - Claim Your Color", "LD37 - Claim Your Color.csproj", "{D830CD12-68AD-B30D-E681-ABBE6EB17126}"
EndProject
Project("{FAE04EC0-301F-11D3-BF4B-00C04F79EFBC}") = "LD37 - Claim Your Color.Editor.Plugins", "LD37 - Claim Your Color.Editor.Plugins.csproj", "{8DBD0A23-D6C5-FEA2-E48C-03843F2ABE32}"
EndProject
Global
	GlobalSection(SolutionConfigurationPlatforms) = preSolution
		Debug|Any CPU = Debug|Any CPU
		Release|Any CPU = Release|Any CPU
	EndGlobalSection
	GlobalSection(ProjectConfigurationPlatforms) = postSolution
		{F44B0FAA-0ABB-F068-2B42-9D32B3126FF4}.Debug|Any CPU.ActiveCfg = Debug|Any CPU
		{F44B0FAA-0ABB-F068-2B42-9D32B3126FF4}.Debug|Any CPU.Build.0 = Debug|Any CPU
		{F44B0FAA-0ABB-F068-2B42-9D32B3126FF4}.Release|Any CPU.ActiveCfg = Release|Any CPU
		{F44B0FAA-0ABB-F068-2B42-9D32B3126FF4}.Release|Any CPU.Build.0 = Release|Any CPU
		{D830CD12-68AD-B30D-E681-ABBE6EB17126}.Debug|Any CPU.ActiveCfg = Debug|Any CPU
		{D830CD12-68AD-B30D-E681-ABBE6EB17126}.Debug|Any CPU.Build.0 = Debug|Any CPU
		{D830CD12-68AD-B30D-E681-ABBE6EB17126}.Release|Any CPU.ActiveCfg = Release|Any CPU
		{D830CD12-68AD-B30D-E681-ABBE6EB17126}.Release|Any CPU.Build.0 = Release|Any CPU
		{8DBD0A23-D6C5-FEA2-E48C-03843F2ABE32}.Debug|Any CPU.ActiveCfg = Debug|Any CPU
		{8DBD0A23-D6C5-FEA2-E48C-03843F2ABE32}.Debug|Any CPU.Build.0 = Debug|Any CPU
		{8DBD0A23-D6C5-FEA2-E48C-03843F2ABE32}.Release|Any CPU.ActiveCfg = Release|Any CPU
		{8DBD0A23-D6C5-FEA2-E48C-03843F2ABE32}.Release|Any CPU.Build.0 = Release|Any CPU
	EndGlobalSection
	GlobalSection(SolutionProperties) = preSolution
		HideSolutionNode = FALSE
	EndGlobalSection
EndGlobal
